<Solution>
  <Folder Name="/src/">
    <Project Path="src/Abstractions/Abstractions.csproj" />
    <Project Path="src/CSharp/CSharp.csproj" />
    <Project Path="src/Generators/Generators.csproj" />
  </Folder>
  <Folder Name="/tests/">
    <Project Path="tests/McInc.Reflection.Generators.Tests/McInc.Reflection.Generators.Tests.csproj" />
  </Folder>
</Solution>
